lockfileVersion: '6.0'

settings:
  autoInstallPeers: true
  excludeLinksFromLockfile: false

dependencies:
  vitepress:
    specifier: 1.0.0-rc.23
    version: 1.0.0-rc.23(@algolia/client-search@4.20.0)(search-insights@2.9.0)

packages:

  /@algolia/autocomplete-core@1.9.3(@algolia/client-search@4.20.0)(algoliasearch@4.20.0)(search-insights@2.9.0):
    resolution: {integrity: sha1-HVZIKnaMM6rghoyFMwSeAuiWG+c=, tarball: http://registry.npm.wps.cn/@algolia/autocomplete-core/download/@algolia/autocomplete-core-1.9.3.tgz}
    dependencies:
      '@algolia/autocomplete-plugin-algolia-insights': 1.9.3(@algolia/client-search@4.20.0)(algoliasearch@4.20.0)(search-insights@2.9.0)
      '@algolia/autocomplete-shared': 1.9.3(@algolia/client-search@4.20.0)(algoliasearch@4.20.0)
    transitivePeerDependencies:
      - '@algolia/client-search'
      - algoliasearch
      - search-insights
    dev: false

  /@algolia/autocomplete-plugin-algolia-insights@1.9.3(@algolia/client-search@4.20.0)(algoliasearch@4.20.0)(search-insights@2.9.0):
    resolution: {integrity: sha1-m3+GQQUsjq1tZsFiPURMvhnd5Yc=, tarball: http://registry.npm.wps.cn/@algolia/autocomplete-plugin-algolia-insights/download/@algolia/autocomplete-plugin-algolia-insights-1.9.3.tgz}
    peerDependencies:
      search-insights: '>= 1 < 3'
    dependencies:
      '@algolia/autocomplete-shared': 1.9.3(@algolia/client-search@4.20.0)(algoliasearch@4.20.0)
      search-insights: 2.9.0
    transitivePeerDependencies:
      - '@algolia/client-search'
      - algoliasearch
    dev: false

  /@algolia/autocomplete-preset-algolia@1.9.3(@algolia/client-search@4.20.0)(algoliasearch@4.20.0):
    resolution: {integrity: sha1-ZMykpDBM/K0s9zDoMGfgwbL0hdo=, tarball: http://registry.npm.wps.cn/@algolia/autocomplete-preset-algolia/download/@algolia/autocomplete-preset-algolia-1.9.3.tgz}
    peerDependencies:
      '@algolia/client-search': '>= 4.9.1 < 6'
      algoliasearch: '>= 4.9.1 < 6'
    dependencies:
      '@algolia/autocomplete-shared': 1.9.3(@algolia/client-search@4.20.0)(algoliasearch@4.20.0)
      '@algolia/client-search': 4.20.0
      algoliasearch: 4.20.0
    dev: false

  /@algolia/autocomplete-shared@1.9.3(@algolia/client-search@4.20.0)(algoliasearch@4.20.0):
    resolution: {integrity: sha1-LiLoMNNvCpzywMzTx/bVlDW3ffo=, tarball: http://registry.npm.wps.cn/@algolia/autocomplete-shared/download/@algolia/autocomplete-shared-1.9.3.tgz}
    peerDependencies:
      '@algolia/client-search': '>= 4.9.1 < 6'
      algoliasearch: '>= 4.9.1 < 6'
    dependencies:
      '@algolia/client-search': 4.20.0
      algoliasearch: 4.20.0
    dev: false

  /@algolia/cache-browser-local-storage@4.20.0:
    resolution: {integrity: sha1-NXMYJC/FQv/OQdbrW0qbQCkhsLs=, tarball: http://registry.npm.wps.cn/@algolia/cache-browser-local-storage/download/@algolia/cache-browser-local-storage-4.20.0.tgz}
    dependencies:
      '@algolia/cache-common': 4.20.0
    dev: false

  /@algolia/cache-common@4.20.0:
    resolution: {integrity: sha1-7FIjBQn86JEJH/0NiQYYvNwvog0=, tarball: http://registry.npm.wps.cn/@algolia/cache-common/download/@algolia/cache-common-4.20.0.tgz}
    dev: false

  /@algolia/cache-in-memory@4.20.0:
    resolution: {integrity: sha1-XxjQV71rOwdQIt8IXE+DvMpOPmc=, tarball: http://registry.npm.wps.cn/@algolia/cache-in-memory/download/@algolia/cache-in-memory-4.20.0.tgz}
    dependencies:
      '@algolia/cache-common': 4.20.0
    dev: false

  /@algolia/client-account@4.20.0:
    resolution: {integrity: sha1-I84LTP/WMQD7fBqhxnpElN5b1kU=, tarball: http://registry.npm.wps.cn/@algolia/client-account/download/@algolia/client-account-4.20.0.tgz}
    dependencies:
      '@algolia/client-common': 4.20.0
      '@algolia/client-search': 4.20.0
      '@algolia/transporter': 4.20.0
    dev: false

  /@algolia/client-analytics@4.20.0:
    resolution: {integrity: sha1-Cqa+8106Qaw5kbP0b80L8A0nb6k=, tarball: http://registry.npm.wps.cn/@algolia/client-analytics/download/@algolia/client-analytics-4.20.0.tgz}
    dependencies:
      '@algolia/client-common': 4.20.0
      '@algolia/client-search': 4.20.0
      '@algolia/requester-common': 4.20.0
      '@algolia/transporter': 4.20.0
    dev: false

  /@algolia/client-common@4.20.0:
    resolution: {integrity: sha1-ymDwRGZRVUhlHENxp0L7uJcXkO8=, tarball: http://registry.npm.wps.cn/@algolia/client-common/download/@algolia/client-common-4.20.0.tgz}
    dependencies:
      '@algolia/requester-common': 4.20.0
      '@algolia/transporter': 4.20.0
    dev: false

  /@algolia/client-personalization@4.20.0:
    resolution: {integrity: sha1-yoEwjorQ2zsnRYt4NV8STyllcYE=, tarball: http://registry.npm.wps.cn/@algolia/client-personalization/download/@algolia/client-personalization-4.20.0.tgz}
    dependencies:
      '@algolia/client-common': 4.20.0
      '@algolia/requester-common': 4.20.0
      '@algolia/transporter': 4.20.0
    dev: false

  /@algolia/client-search@4.20.0:
    resolution: {integrity: sha1-O8zoF8psrtyDXg6vb1gOAu58PhU=, tarball: http://registry.npm.wps.cn/@algolia/client-search/download/@algolia/client-search-4.20.0.tgz}
    dependencies:
      '@algolia/client-common': 4.20.0
      '@algolia/requester-common': 4.20.0
      '@algolia/transporter': 4.20.0
    dev: false

  /@algolia/logger-common@4.20.0:
    resolution: {integrity: sha1-8Ujd9n5dczoGITvr9xF8uKZRqzY=, tarball: http://registry.npm.wps.cn/@algolia/logger-common/download/@algolia/logger-common-4.20.0.tgz}
    dev: false

  /@algolia/logger-console@4.20.0:
    resolution: {integrity: sha1-rEQ9J8TpQ1fzBj5nUDnO8Kot4Kc=, tarball: http://registry.npm.wps.cn/@algolia/logger-console/download/@algolia/logger-console-4.20.0.tgz}
    dependencies:
      '@algolia/logger-common': 4.20.0
    dev: false

  /@algolia/requester-browser-xhr@4.20.0:
    resolution: {integrity: sha1-2xbQve8Bi5O1FoHT8eE0rKT2SBQ=, tarball: http://registry.npm.wps.cn/@algolia/requester-browser-xhr/download/@algolia/requester-browser-xhr-4.20.0.tgz}
    dependencies:
      '@algolia/requester-common': 4.20.0
    dev: false

  /@algolia/requester-common@4.20.0:
    resolution: {integrity: sha1-ZWlLImOocStDYP7xhoBSj/1DW1w=, tarball: http://registry.npm.wps.cn/@algolia/requester-common/download/@algolia/requester-common-4.20.0.tgz}
    dev: false

  /@algolia/requester-node-http@4.20.0:
    resolution: {integrity: sha1-tSsYK1KwsW3sQHCDImfUhKax1bs=, tarball: http://registry.npm.wps.cn/@algolia/requester-node-http/download/@algolia/requester-node-http-4.20.0.tgz}
    dependencies:
      '@algolia/requester-common': 4.20.0
    dev: false

  /@algolia/transporter@4.20.0:
    resolution: {integrity: sha1-flskMz18yakmsvaiSfh8KIm5RKk=, tarball: http://registry.npm.wps.cn/@algolia/transporter/download/@algolia/transporter-4.20.0.tgz}
    dependencies:
      '@algolia/cache-common': 4.20.0
      '@algolia/logger-common': 4.20.0
      '@algolia/requester-common': 4.20.0
    dev: false

  /@babel/helper-string-parser@7.22.5:
    resolution: {integrity: sha1-Uz82RXolgUzx32SIUjrVR9eEqZ8=, tarball: http://registry.npm.wps.cn/@babel/helper-string-parser/download/@babel/helper-string-parser-7.22.5.tgz}
    engines: {node: '>=6.9.0'}
    dev: false

  /@babel/helper-validator-identifier@7.22.20:
    resolution: {integrity: sha1-xK4ALGHSh55yRYHZZmVYPbwdwOA=, tarball: http://registry.npm.wps.cn/@babel/helper-validator-identifier/download/@babel/helper-validator-identifier-7.22.20.tgz}
    engines: {node: '>=6.9.0'}
    dev: false

  /@babel/parser@7.23.0:
    resolution: {integrity: sha1-2pUOYiQgv5bKDQ8pCc3drDrNhxk=, tarball: http://registry.npm.wps.cn/@babel/parser/download/@babel/parser-7.23.0.tgz}
    engines: {node: '>=6.0.0'}
    hasBin: true
    dependencies:
      '@babel/types': 7.23.0
    dev: false

  /@babel/types@7.23.0:
    resolution: {integrity: sha1-jB8CDJ3w5zfk4kfAYZ9YxoRYqus=, tarball: http://registry.npm.wps.cn/@babel/types/download/@babel/types-7.23.0.tgz}
    engines: {node: '>=6.9.0'}
    dependencies:
      '@babel/helper-string-parser': 7.22.5
      '@babel/helper-validator-identifier': 7.22.20
      to-fast-properties: 2.0.0
    dev: false

  /@docsearch/css@3.5.2:
    resolution: {integrity: sha1-YQ9HtIgUypQEHflp2fzEe5H8Wqw=, tarball: http://registry.npm.wps.cn/@docsearch/css/download/@docsearch/css-3.5.2.tgz}
    dev: false

  /@docsearch/js@3.5.2(@algolia/client-search@4.20.0)(search-insights@2.9.0):
    resolution: {integrity: sha1-oRyy5+YokOnpQCg/7Wly7PYyYp0=, tarball: http://registry.npm.wps.cn/@docsearch/js/download/@docsearch/js-3.5.2.tgz}
    dependencies:
      '@docsearch/react': 3.5.2(@algolia/client-search@4.20.0)(search-insights@2.9.0)
      preact: 10.18.1
    transitivePeerDependencies:
      - '@algolia/client-search'
      - '@types/react'
      - react
      - react-dom
      - search-insights
    dev: false

  /@docsearch/react@3.5.2(@algolia/client-search@4.20.0)(search-insights@2.9.0):
    resolution: {integrity: sha1-Lmu+4A62czO2SQY1JzTaau8SMrk=, tarball: http://registry.npm.wps.cn/@docsearch/react/download/@docsearch/react-3.5.2.tgz}
    peerDependencies:
      '@types/react': '>= 16.8.0 < 19.0.0'
      react: '>= 16.8.0 < 19.0.0'
      react-dom: '>= 16.8.0 < 19.0.0'
      search-insights: '>= 1 < 3'
    peerDependenciesMeta:
      '@types/react':
        optional: true
      react:
        optional: true
      react-dom:
        optional: true
      search-insights:
        optional: true
    dependencies:
      '@algolia/autocomplete-core': 1.9.3(@algolia/client-search@4.20.0)(algoliasearch@4.20.0)(search-insights@2.9.0)
      '@algolia/autocomplete-preset-algolia': 1.9.3(@algolia/client-search@4.20.0)(algoliasearch@4.20.0)
      '@docsearch/css': 3.5.2
      algoliasearch: 4.20.0
      search-insights: 2.9.0
    transitivePeerDependencies:
      - '@algolia/client-search'
    dev: false

  /@esbuild/android-arm64@0.18.20:
    resolution: {integrity: sha1-mEtPnI0Dd0Q8wt/O8mbQIkRZNiI=, tarball: http://registry.npm.wps.cn/@esbuild/android-arm64/download/@esbuild/android-arm64-0.18.20.tgz}
    engines: {node: '>=12'}
    cpu: [arm64]
    os: [android]
    requiresBuild: true
    dev: false
    optional: true

  /@esbuild/android-arm@0.18.20:
    resolution: {integrity: sha1-/tsmW8OlichMwR+BCATyNJR8NoI=, tarball: http://registry.npm.wps.cn/@esbuild/android-arm/download/@esbuild/android-arm-0.18.20.tgz}
    engines: {node: '>=12'}
    cpu: [arm]
    os: [android]
    requiresBuild: true
    dev: false
    optional: true

  /@esbuild/android-x64@0.18.20:
    resolution: {integrity: sha1-Nc9BnEz8i6voiT0pbNmQ6en3VvI=, tarball: http://registry.npm.wps.cn/@esbuild/android-x64/download/@esbuild/android-x64-0.18.20.tgz}
    engines: {node: '>=12'}
    cpu: [x64]
    os: [android]
    requiresBuild: true
    dev: false
    optional: true

  /@esbuild/darwin-arm64@0.18.20:
    resolution: {integrity: sha1-CBcsvsz5X7w4M5mn85z73a6w18E=, tarball: http://registry.npm.wps.cn/@esbuild/darwin-arm64/download/@esbuild/darwin-arm64-0.18.20.tgz}
    engines: {node: '>=12'}
    cpu: [arm64]
    os: [darwin]
    requiresBuild: true
    dev: false
    optional: true

  /@esbuild/darwin-x64@0.18.20:
    resolution: {integrity: sha1-1w1XkNi/R1VWtn0Pi3xb3/BT2F0=, tarball: http://registry.npm.wps.cn/@esbuild/darwin-x64/download/@esbuild/darwin-x64-0.18.20.tgz}
    engines: {node: '>=12'}
    cpu: [x64]
    os: [darwin]
    requiresBuild: true
    dev: false
    optional: true

  /@esbuild/freebsd-arm64@0.18.20:
    resolution: {integrity: sha1-mHVc0ScH+T8hDiSU1qS1G5aXf1Q=, tarball: http://registry.npm.wps.cn/@esbuild/freebsd-arm64/download/@esbuild/freebsd-arm64-0.18.20.tgz}
    engines: {node: '>=12'}
    cpu: [arm64]
    os: [freebsd]
    requiresBuild: true
    dev: false
    optional: true

  /@esbuild/freebsd-x64@0.18.20:
    resolution: {integrity: sha1-wesr/wORX4fCnOzkwaf6H0I7Bm4=, tarball: http://registry.npm.wps.cn/@esbuild/freebsd-x64/download/@esbuild/freebsd-x64-0.18.20.tgz}
    engines: {node: '>=12'}
    cpu: [x64]
    os: [freebsd]
    requiresBuild: true
    dev: false
    optional: true

  /@esbuild/linux-arm64@0.18.20:
    resolution: {integrity: sha1-utQji9j0/CW1oCEoDHcKtfw6AqA=, tarball: http://registry.npm.wps.cn/@esbuild/linux-arm64/download/@esbuild/linux-arm64-0.18.20.tgz}
    engines: {node: '>=12'}
    cpu: [arm64]
    os: [linux]
    requiresBuild: true
    dev: false
    optional: true

  /@esbuild/linux-arm@0.18.20:
    resolution: {integrity: sha1-PmF8YfM1CKJxUO5BdUPIq1rMc7A=, tarball: http://registry.npm.wps.cn/@esbuild/linux-arm/download/@esbuild/linux-arm-0.18.20.tgz}
    engines: {node: '>=12'}
    cpu: [arm]
    os: [linux]
    requiresBuild: true
    dev: false
    optional: true

  /@esbuild/linux-ia32@0.18.20:
    resolution: {integrity: sha1-aZORzMupruYBm3+YkuuZIZ8VcKc=, tarball: http://registry.npm.wps.cn/@esbuild/linux-ia32/download/@esbuild/linux-ia32-0.18.20.tgz}
    engines: {node: '>=12'}
    cpu: [ia32]
    os: [linux]
    requiresBuild: true
    dev: false
    optional: true

  /@esbuild/linux-loong64@0.18.20:
    resolution: {integrity: sha1-5vzLeqwXjdL/uYYEZayJ1/I7l30=, tarball: http://registry.npm.wps.cn/@esbuild/linux-loong64/download/@esbuild/linux-loong64-0.18.20.tgz}
    engines: {node: '>=12'}
    cpu: [loong64]
    os: [linux]
    requiresBuild: true
    dev: false
    optional: true

  /@esbuild/linux-mips64el@0.18.20:
    resolution: {integrity: sha1-7v86k33pwjEN4wYiqVetG9kYMjE=, tarball: http://registry.npm.wps.cn/@esbuild/linux-mips64el/download/@esbuild/linux-mips64el-0.18.20.tgz}
    engines: {node: '>=12'}
    cpu: [mips64el]
    os: [linux]
    requiresBuild: true
    dev: false
    optional: true

  /@esbuild/linux-ppc64@0.18.20:
    resolution: {integrity: sha1-L3FWveILAVJ5k+aIFDWtebqVmfs=, tarball: http://registry.npm.wps.cn/@esbuild/linux-ppc64/download/@esbuild/linux-ppc64-0.18.20.tgz}
    engines: {node: '>=12'}
    cpu: [ppc64]
    os: [linux]
    requiresBuild: true
    dev: false
    optional: true

  /@esbuild/linux-riscv64@0.18.20:
    resolution: {integrity: sha1-Zig4nyEBI9i0dDBFr4yqfU3fx6Y=, tarball: http://registry.npm.wps.cn/@esbuild/linux-riscv64/download/@esbuild/linux-riscv64-0.18.20.tgz}
    engines: {node: '>=12'}
    cpu: [riscv64]
    os: [linux]
    requiresBuild: true
    dev: false
    optional: true

  /@esbuild/linux-s390x@0.18.20:
    resolution: {integrity: sha1-JV6B+yibEBAmExhYq5n7pj3PAHE=, tarball: http://registry.npm.wps.cn/@esbuild/linux-s390x/download/@esbuild/linux-s390x-0.18.20.tgz}
    engines: {node: '>=12'}
    cpu: [s390x]
    os: [linux]
    requiresBuild: true
    dev: false
    optional: true

  /@esbuild/linux-x64@0.18.20:
    resolution: {integrity: sha1-x2kLNBevMYqbb5bfMDGohlF20zg=, tarball: http://registry.npm.wps.cn/@esbuild/linux-x64/download/@esbuild/linux-x64-0.18.20.tgz}
    engines: {node: '>=12'}
    cpu: [x64]
    os: [linux]
    requiresBuild: true
    dev: false
    optional: true

  /@esbuild/netbsd-x64@0.18.20:
    resolution: {integrity: sha1-MOjNij3e1jl14t8kOMoQlgHr4NE=, tarball: http://registry.npm.wps.cn/@esbuild/netbsd-x64/download/@esbuild/netbsd-x64-0.18.20.tgz}
    engines: {node: '>=12'}
    cpu: [x64]
    os: [netbsd]
    requiresBuild: true
    dev: false
    optional: true

  /@esbuild/openbsd-x64@0.18.20:
    resolution: {integrity: sha1-eBKvMbIFBVh0yAguqc+asNpiF64=, tarball: http://registry.npm.wps.cn/@esbuild/openbsd-x64/download/@esbuild/openbsd-x64-0.18.20.tgz}
    engines: {node: '>=12'}
    cpu: [x64]
    os: [openbsd]
    requiresBuild: true
    dev: false
    optional: true

  /@esbuild/sunos-x64@0.18.20:
    resolution: {integrity: sha1-1cJ1w7TnPJsOzTjRymLAIPiHq50=, tarball: http://registry.npm.wps.cn/@esbuild/sunos-x64/download/@esbuild/sunos-x64-0.18.20.tgz}
    engines: {node: '>=12'}
    cpu: [x64]
    os: [sunos]
    requiresBuild: true
    dev: false
    optional: true

  /@esbuild/win32-arm64@0.18.20:
    resolution: {integrity: sha1-c7x/Wp+Kd4BfNX+rl/KQ0OSCCsk=, tarball: http://registry.npm.wps.cn/@esbuild/win32-arm64/download/@esbuild/win32-arm64-0.18.20.tgz}
    engines: {node: '>=12'}
    cpu: [arm64]
    os: [win32]
    requiresBuild: true
    dev: false
    optional: true

  /@esbuild/win32-ia32@0.18.20:
    resolution: {integrity: sha1-7JPL8O8QhcwS5x4NZh0gVp/0IQI=, tarball: http://registry.npm.wps.cn/@esbuild/win32-ia32/download/@esbuild/win32-ia32-0.18.20.tgz}
    engines: {node: '>=12'}
    cpu: [ia32]
    os: [win32]
    requiresBuild: true
    dev: false
    optional: true

  /@esbuild/win32-x64@0.18.20:
    resolution: {integrity: sha1-eGxfQfBDsHr7GvN2g9fDNmiFj20=, tarball: http://registry.npm.wps.cn/@esbuild/win32-x64/download/@esbuild/win32-x64-0.18.20.tgz}
    engines: {node: '>=12'}
    cpu: [x64]
    os: [win32]
    requiresBuild: true
    dev: false
    optional: true

  /@jridgewell/sourcemap-codec@1.4.15:
    resolution: {integrity: sha1-18bmdVx4VnqVHgSrUu8P0m3lnzI=, tarball: http://registry.npm.wps.cn/@jridgewell/sourcemap-codec/download/@jridgewell/sourcemap-codec-1.4.15.tgz}
    dev: false

  /@types/linkify-it@3.0.4:
    resolution: {integrity: sha1-3vapuwzngUCGBgLxas43qZl/CGo=, tarball: http://registry.npm.wps.cn/@types/linkify-it/download/@types/linkify-it-3.0.4.tgz}
    dev: false

  /@types/markdown-it@13.0.5:
    resolution: {integrity: sha1-tbuir57oRzQJ/hVx7ANkF8semPo=, tarball: http://registry.npm.wps.cn/@types/markdown-it/download/@types/markdown-it-13.0.5.tgz}
    dependencies:
      '@types/linkify-it': 3.0.4
      '@types/mdurl': 1.0.4
    dev: false

  /@types/mdurl@1.0.4:
    resolution: {integrity: sha1-V0v77FHrQatfREEWyFVbxDR/66U=, tarball: http://registry.npm.wps.cn/@types/mdurl/download/@types/mdurl-1.0.4.tgz}
    dev: false

  /@types/web-bluetooth@0.0.18:
    resolution: {integrity: sha1-dL0cj9OiBYy2/HaxiPze1QqD2GY=, tarball: http://registry.npm.wps.cn/@types/web-bluetooth/download/@types/web-bluetooth-0.0.18.tgz}
    dev: false

  /@vue/compiler-core@3.3.6:
    resolution: {integrity: sha1-/8FFF+CnJpmDuak5lN+WaengNQY=, tarball: http://registry.npm.wps.cn/@vue/compiler-core/download/@vue/compiler-core-3.3.6.tgz}
    dependencies:
      '@babel/parser': 7.23.0
      '@vue/shared': 3.3.6
      estree-walker: 2.0.2
      source-map-js: 1.0.2
    dev: false

  /@vue/compiler-dom@3.3.6:
    resolution: {integrity: sha1-aDQgzCAcOkjLCEFGe/GaQz/77eY=, tarball: http://registry.npm.wps.cn/@vue/compiler-dom/download/@vue/compiler-dom-3.3.6.tgz}
    dependencies:
      '@vue/compiler-core': 3.3.6
      '@vue/shared': 3.3.6
    dev: false

  /@vue/compiler-sfc@3.3.6:
    resolution: {integrity: sha1-ANzi56pWkQEAnF7t7Epp4vgx2Mw=, tarball: http://registry.npm.wps.cn/@vue/compiler-sfc/download/@vue/compiler-sfc-3.3.6.tgz}
    dependencies:
      '@babel/parser': 7.23.0
      '@vue/compiler-core': 3.3.6
      '@vue/compiler-dom': 3.3.6
      '@vue/compiler-ssr': 3.3.6
      '@vue/reactivity-transform': 3.3.6
      '@vue/shared': 3.3.6
      estree-walker: 2.0.2
      magic-string: 0.30.5
      postcss: 8.4.31
      source-map-js: 1.0.2
    dev: false

  /@vue/compiler-ssr@3.3.6:
    resolution: {integrity: sha1-12dgJWPyWWoDtEs96koyxxX2SRU=, tarball: http://registry.npm.wps.cn/@vue/compiler-ssr/download/@vue/compiler-ssr-3.3.6.tgz}
    dependencies:
      '@vue/compiler-dom': 3.3.6
      '@vue/shared': 3.3.6
    dev: false

  /@vue/devtools-api@6.5.1:
    resolution: {integrity: sha1-f3HzHkCXPu7mW5pkOCsTWT/b1pc=, tarball: http://registry.npm.wps.cn/@vue/devtools-api/download/@vue/devtools-api-6.5.1.tgz}
    dev: false

  /@vue/reactivity-transform@3.3.6:
    resolution: {integrity: sha1-KdYVRVmS0lO48htH0IREW10/kW0=, tarball: http://registry.npm.wps.cn/@vue/reactivity-transform/download/@vue/reactivity-transform-3.3.6.tgz}
    dependencies:
      '@babel/parser': 7.23.0
      '@vue/compiler-core': 3.3.6
      '@vue/shared': 3.3.6
      estree-walker: 2.0.2
      magic-string: 0.30.5
    dev: false

  /@vue/reactivity@3.3.6:
    resolution: {integrity: sha1-Q2vSmXZzrip7b04cN2Fj8ERfml4=, tarball: http://registry.npm.wps.cn/@vue/reactivity/download/@vue/reactivity-3.3.6.tgz}
    dependencies:
      '@vue/shared': 3.3.6
    dev: false

  /@vue/runtime-core@3.3.6:
    resolution: {integrity: sha1-dJ/zJclbs6aQxRLaAhUzn9JBhyw=, tarball: http://registry.npm.wps.cn/@vue/runtime-core/download/@vue/runtime-core-3.3.6.tgz}
    dependencies:
      '@vue/reactivity': 3.3.6
      '@vue/shared': 3.3.6
    dev: false

  /@vue/runtime-dom@3.3.6:
    resolution: {integrity: sha1-MHKerJaUZ8a+ZyNnfRS4c5GKRnw=, tarball: http://registry.npm.wps.cn/@vue/runtime-dom/download/@vue/runtime-dom-3.3.6.tgz}
    dependencies:
      '@vue/runtime-core': 3.3.6
      '@vue/shared': 3.3.6
      csstype: 3.1.2
    dev: false

  /@vue/server-renderer@3.3.6(vue@3.3.6):
    resolution: {integrity: sha1-uKTXJUtnpcxmPyueFs3gGUg2IMk=, tarball: http://registry.npm.wps.cn/@vue/server-renderer/download/@vue/server-renderer-3.3.6.tgz}
    peerDependencies:
      vue: 3.3.6
    dependencies:
      '@vue/compiler-ssr': 3.3.6
      '@vue/shared': 3.3.6
      vue: 3.3.6
    dev: false

  /@vue/shared@3.3.6:
    resolution: {integrity: sha1-vZfCKXLGUZJQBpKX0By+0HcFS34=, tarball: http://registry.npm.wps.cn/@vue/shared/download/@vue/shared-3.3.6.tgz}
    dev: false

  /@vueuse/core@10.5.0(vue@3.3.6):
    resolution: {integrity: sha1-BNHm0mWSu5l7t1Wkgw6nWDw+hhI=, tarball: http://registry.npm.wps.cn/@vueuse/core/download/@vueuse/core-10.5.0.tgz}
    dependencies:
      '@types/web-bluetooth': 0.0.18
      '@vueuse/metadata': 10.5.0
      '@vueuse/shared': 10.5.0(vue@3.3.6)
      vue-demi: 0.14.6(vue@3.3.6)
    transitivePeerDependencies:
      - '@vue/composition-api'
      - vue
    dev: false

  /@vueuse/integrations@10.5.0(focus-trap@7.5.4)(vue@3.3.6):
    resolution: {integrity: sha1-OPAL1aHNAWBkXwx179XZV5Bh49Y=, tarball: http://registry.npm.wps.cn/@vueuse/integrations/download/@vueuse/integrations-10.5.0.tgz}
    peerDependencies:
      async-validator: '*'
      axios: '*'
      change-case: '*'
      drauu: '*'
      focus-trap: '*'
      fuse.js: '*'
      idb-keyval: '*'
      jwt-decode: '*'
      nprogress: '*'
      qrcode: '*'
      sortablejs: '*'
      universal-cookie: '*'
    peerDependenciesMeta:
      async-validator:
        optional: true
      axios:
        optional: true
      change-case:
        optional: true
      drauu:
        optional: true
      focus-trap:
        optional: true
      fuse.js:
        optional: true
      idb-keyval:
        optional: true
      jwt-decode:
        optional: true
      nprogress:
        optional: true
      qrcode:
        optional: true
      sortablejs:
        optional: true
      universal-cookie:
        optional: true
    dependencies:
      '@vueuse/core': 10.5.0(vue@3.3.6)
      '@vueuse/shared': 10.5.0(vue@3.3.6)
      focus-trap: 7.5.4
      vue-demi: 0.14.6(vue@3.3.6)
    transitivePeerDependencies:
      - '@vue/composition-api'
      - vue
    dev: false

  /@vueuse/metadata@10.5.0:
    resolution: {integrity: sha1-dQGojPXL96UVoD8Li7487PMMrRE=, tarball: http://registry.npm.wps.cn/@vueuse/metadata/download/@vueuse/metadata-10.5.0.tgz}
    dev: false

  /@vueuse/shared@10.5.0(vue@3.3.6):
    resolution: {integrity: sha1-s6yMGQpdrkHbXhtg/jBKm0JHOTw=, tarball: http://registry.npm.wps.cn/@vueuse/shared/download/@vueuse/shared-10.5.0.tgz}
    dependencies:
      vue-demi: 0.14.6(vue@3.3.6)
    transitivePeerDependencies:
      - '@vue/composition-api'
      - vue
    dev: false

  /algoliasearch@4.20.0:
    resolution: {integrity: sha1-cAwstm4U+KKIRgA2x7KlVNDZPPQ=, tarball: http://registry.npm.wps.cn/algoliasearch/download/algoliasearch-4.20.0.tgz}
    dependencies:
      '@algolia/cache-browser-local-storage': 4.20.0
      '@algolia/cache-common': 4.20.0
      '@algolia/cache-in-memory': 4.20.0
      '@algolia/client-account': 4.20.0
      '@algolia/client-analytics': 4.20.0
      '@algolia/client-common': 4.20.0
      '@algolia/client-personalization': 4.20.0
      '@algolia/client-search': 4.20.0
      '@algolia/logger-common': 4.20.0
      '@algolia/logger-console': 4.20.0
      '@algolia/requester-browser-xhr': 4.20.0
      '@algolia/requester-common': 4.20.0
      '@algolia/requester-node-http': 4.20.0
      '@algolia/transporter': 4.20.0
    dev: false

  /ansi-sequence-parser@1.1.1:
    resolution: {integrity: sha1-4Koc3LyPi7C1vKYlqsQfXwVpc88=, tarball: http://registry.npm.wps.cn/ansi-sequence-parser/download/ansi-sequence-parser-1.1.1.tgz}
    dev: false

  /csstype@3.1.2:
    resolution: {integrity: sha1-HUv51XLxHBQDHwQ24cELwfVx9Qs=, tarball: http://registry.npm.wps.cn/csstype/download/csstype-3.1.2.tgz}
    dev: false

  /esbuild@0.18.20:
    resolution: {integrity: sha1-Rwn1o0gBtDt5mrfW2C9yhKm3p6Y=, tarball: http://registry.npm.wps.cn/esbuild/download/esbuild-0.18.20.tgz}
    engines: {node: '>=12'}
    hasBin: true
    requiresBuild: true
    optionalDependencies:
      '@esbuild/android-arm': 0.18.20
      '@esbuild/android-arm64': 0.18.20
      '@esbuild/android-x64': 0.18.20
      '@esbuild/darwin-arm64': 0.18.20
      '@esbuild/darwin-x64': 0.18.20
      '@esbuild/freebsd-arm64': 0.18.20
      '@esbuild/freebsd-x64': 0.18.20
      '@esbuild/linux-arm': 0.18.20
      '@esbuild/linux-arm64': 0.18.20
      '@esbuild/linux-ia32': 0.18.20
      '@esbuild/linux-loong64': 0.18.20
      '@esbuild/linux-mips64el': 0.18.20
      '@esbuild/linux-ppc64': 0.18.20
      '@esbuild/linux-riscv64': 0.18.20
      '@esbuild/linux-s390x': 0.18.20
      '@esbuild/linux-x64': 0.18.20
      '@esbuild/netbsd-x64': 0.18.20
      '@esbuild/openbsd-x64': 0.18.20
      '@esbuild/sunos-x64': 0.18.20
      '@esbuild/win32-arm64': 0.18.20
      '@esbuild/win32-ia32': 0.18.20
      '@esbuild/win32-x64': 0.18.20
    dev: false

  /estree-walker@2.0.2:
    resolution: {integrity: sha1-UvAQF4wqTBF6d1fP6UKtt9LaTKw=, tarball: http://registry.npm.wps.cn/estree-walker/download/estree-walker-2.0.2.tgz}
    dev: false

  /focus-trap@7.5.4:
    resolution: {integrity: sha1-bE40L+Ha5q3ZwqozKm56C71JW6I=, tarball: http://registry.npm.wps.cn/focus-trap/download/focus-trap-7.5.4.tgz}
    dependencies:
      tabbable: 6.2.0
    dev: false

  /fsevents@2.3.3:
    resolution: {integrity: sha1-ysZAd4XQNnWipeGlMFxpezR9kNY=, tarball: http://registry.npm.wps.cn/fsevents/download/fsevents-2.3.3.tgz}
    engines: {node: ^8.16.0 || ^10.6.0 || >=11.0.0}
    os: [darwin]
    requiresBuild: true
    dev: false
    optional: true

  /jsonc-parser@3.2.0:
    resolution: {integrity: sha1-Mf8/TCuXk/icZyEmJ8UcY5T4jnY=, tarball: http://registry.npm.wps.cn/jsonc-parser/download/jsonc-parser-3.2.0.tgz}
    dev: false

  /magic-string@0.30.5:
    resolution: {integrity: sha1-GZTZgL0ciDXcbnjbfL1K5PJHRvk=, tarball: http://registry.npm.wps.cn/magic-string/download/magic-string-0.30.5.tgz}
    engines: {node: '>=12'}
    dependencies:
      '@jridgewell/sourcemap-codec': 1.4.15
    dev: false

  /mark.js@8.11.1:
    resolution: {integrity: sha1-GA8fnr74sOY45BZq1S24eb6y/8U=, tarball: http://registry.npm.wps.cn/mark.js/download/mark.js-8.11.1.tgz}
    dev: false

  /minisearch@6.1.0:
    resolution: {integrity: sha1-bnTnQ9vQ6I+lylL+8jkeCqcFUlI=, tarball: http://registry.npm.wps.cn/minisearch/download/minisearch-6.1.0.tgz}
    dev: false

  /nanoid@3.3.6:
    resolution: {integrity: sha1-RDOAyFbW6fmCQmfZYLQjatWD6kw=, tarball: http://registry.npm.wps.cn/nanoid/download/nanoid-3.3.6.tgz}
    engines: {node: ^10 || ^12 || ^13.7 || ^14 || >=15.0.1}
    hasBin: true
    dev: false

  /picocolors@1.0.0:
    resolution: {integrity: sha1-y1vcdP8/UYkiNur3nWi8RFZKuBw=, tarball: http://registry.npm.wps.cn/picocolors/download/picocolors-1.0.0.tgz}
    dev: false

  /postcss@8.4.31:
    resolution: {integrity: sha1-krRRBQqfkU2mdVrzUr3AGSUIZW0=, tarball: http://registry.npm.wps.cn/postcss/download/postcss-8.4.31.tgz}
    engines: {node: ^10 || ^12 || >=14}
    dependencies:
      nanoid: 3.3.6
      picocolors: 1.0.0
      source-map-js: 1.0.2
    dev: false

  /preact@10.18.1:
    resolution: {integrity: sha1-O4S7MF8LBfStV4S5gdFfzsThBdo=, tarball: http://registry.npm.wps.cn/preact/download/preact-10.18.1.tgz}
    dev: false

  /rollup@3.29.4:
    resolution: {integrity: sha1-TXDA+YNBRt+HBb+2mpoZyeEQmYE=, tarball: http://registry.npm.wps.cn/rollup/download/rollup-3.29.4.tgz}
    engines: {node: '>=14.18.0', npm: '>=8.0.0'}
    hasBin: true
    optionalDependencies:
      fsevents: 2.3.3
    dev: false

  /search-insights@2.9.0:
    resolution: {integrity: sha1-Bnl7wpstDt9Uo9/6sO8iIMAvr60=, tarball: http://registry.npm.wps.cn/search-insights/download/search-insights-2.9.0.tgz}
    dev: false

  /shiki@0.14.5:
    resolution: {integrity: sha1-N13SFOV+zLBPDa81oyqmFYYd65M=, tarball: http://registry.npm.wps.cn/shiki/download/shiki-0.14.5.tgz}
    dependencies:
      ansi-sequence-parser: 1.1.1
      jsonc-parser: 3.2.0
      vscode-oniguruma: 1.7.0
      vscode-textmate: 8.0.0
    dev: false

  /source-map-js@1.0.2:
    resolution: {integrity: sha1-rbw2HZxi3zgBJefxYfccgm8eSQw=, tarball: http://registry.npm.wps.cn/source-map-js/download/source-map-js-1.0.2.tgz}
    engines: {node: '>=0.10.0'}
    dev: false

  /tabbable@6.2.0:
    resolution: {integrity: sha1-cy+2K8AXXPzsJXMwvhh9z7ofO5c=, tarball: http://registry.npm.wps.cn/tabbable/download/tabbable-6.2.0.tgz}
    dev: false

  /to-fast-properties@2.0.0:
    resolution: {integrity: sha1-3F5pjL0HkmW8c+A3doGk5Og/YW4=, tarball: http://registry.npm.wps.cn/to-fast-properties/download/to-fast-properties-2.0.0.tgz}
    engines: {node: '>=4'}
    dev: false

  /vite@4.5.0:
    resolution: {integrity: sha1-7EBilbQWesO8I+JvnI/1WSh8/yY=, tarball: http://registry.npm.wps.cn/vite/download/vite-4.5.0.tgz}
    engines: {node: ^14.18.0 || >=16.0.0}
    hasBin: true
    peerDependencies:
      '@types/node': '>= 14'
      less: '*'
      lightningcss: ^1.21.0
      sass: '*'
      stylus: '*'
      sugarss: '*'
      terser: ^5.4.0
    peerDependenciesMeta:
      '@types/node':
        optional: true
      less:
        optional: true
      lightningcss:
        optional: true
      sass:
        optional: true
      stylus:
        optional: true
      sugarss:
        optional: true
      terser:
        optional: true
    dependencies:
      esbuild: 0.18.20
      postcss: 8.4.31
      rollup: 3.29.4
    optionalDependencies:
      fsevents: 2.3.3
    dev: false

  /vitepress@1.0.0-rc.23(@algolia/client-search@4.20.0)(search-insights@2.9.0):
    resolution: {integrity: sha1-60d9iZUbWXOKhqxYhN0v6JHTWqw=, tarball: http://registry.npm.wps.cn/vitepress/download/vitepress-1.0.0-rc.23.tgz}
    hasBin: true
    peerDependencies:
      markdown-it-mathjax3: ^4.3.2
      postcss: ^8.4.31
    peerDependenciesMeta:
      markdown-it-mathjax3:
        optional: true
      postcss:
        optional: true
    dependencies:
      '@docsearch/css': 3.5.2
      '@docsearch/js': 3.5.2(@algolia/client-search@4.20.0)(search-insights@2.9.0)
      '@types/markdown-it': 13.0.5
      '@vue/devtools-api': 6.5.1
      '@vueuse/core': 10.5.0(vue@3.3.6)
      '@vueuse/integrations': 10.5.0(focus-trap@7.5.4)(vue@3.3.6)
      focus-trap: 7.5.4
      mark.js: 8.11.1
      minisearch: 6.1.0
      shiki: 0.14.5
      vite: 4.5.0
      vue: 3.3.6
    transitivePeerDependencies:
      - '@algolia/client-search'
      - '@types/node'
      - '@types/react'
      - '@vue/composition-api'
      - async-validator
      - axios
      - change-case
      - drauu
      - fuse.js
      - idb-keyval
      - jwt-decode
      - less
      - lightningcss
      - nprogress
      - qrcode
      - react
      - react-dom
      - sass
      - search-insights
      - sortablejs
      - stylus
      - sugarss
      - terser
      - typescript
      - universal-cookie
    dev: false

  /vscode-oniguruma@1.7.0:
    resolution: {integrity: sha1-Q5v62P5xq9d5gzjRzT3FOovuqUs=, tarball: http://registry.npm.wps.cn/vscode-oniguruma/download/vscode-oniguruma-1.7.0.tgz}
    dev: false

  /vscode-textmate@8.0.0:
    resolution: {integrity: sha1-LHo7EWPvBEEJfgtdY4nNVQS1nl0=, tarball: http://registry.npm.wps.cn/vscode-textmate/download/vscode-textmate-8.0.0.tgz}
    dev: false

  /vue-demi@0.14.6(vue@3.3.6):
    resolution: {integrity: sha1-3HBlgoUdwc3BegBU9P7C6233TJI=, tarball: http://registry.npm.wps.cn/vue-demi/download/vue-demi-0.14.6.tgz}
    engines: {node: '>=12'}
    hasBin: true
    requiresBuild: true
    peerDependencies:
      '@vue/composition-api': ^1.0.0-rc.1
      vue: ^3.0.0-0 || ^2.6.0
    peerDependenciesMeta:
      '@vue/composition-api':
        optional: true
    dependencies:
      vue: 3.3.6
    dev: false

  /vue@3.3.6:
    resolution: {integrity: sha1-vBsSmnNwXbFtqQqh7d5TnXQByp0=, tarball: http://registry.npm.wps.cn/vue/download/vue-3.3.6.tgz}
    peerDependencies:
      typescript: '*'
    peerDependenciesMeta:
      typescript:
        optional: true
    dependencies:
      '@vue/compiler-dom': 3.3.6
      '@vue/compiler-sfc': 3.3.6
      '@vue/runtime-dom': 3.3.6
      '@vue/server-renderer': 3.3.6(vue@3.3.6)
      '@vue/shared': 3.3.6
    dev: false
